# THIS IS AN AUTOGENERATED FILE. DO NOT EDIT THIS FILE DIRECTLY.
# yarn lockfile v1


bulma-dashboard@0.1.39:
  version "0.1.39"
  resolved "https://registry.yarnpkg.com/bulma-dashboard/-/bulma-dashboard-0.1.39.tgz#98f7e6ff4d9990009e63bc4d2e8b3714cd5d169c"
  integrity sha512-H3qEnfcJsJIZLPNjyNassT6823mNjXzxVooQifZPGMCmU8KZDqBVdX8zZmcJMeiXzkI8sy/RamOHnX3ju86ieQ==

bulma@0.7.4:
  version "0.7.4"
  resolved "https://registry.yarnpkg.com/bulma/-/bulma-0.7.4.tgz#7e74512e9118d9799021339e67e365ee0ac4f3f9"
  integrity sha512-krG2rP6eAX1WE0sf6O0SC/FUVSOBX4m1PBC2+GKLpb2pX0qanaDqcv9U2nu75egFrsHkI0zdWYuk/oGwoszVWg==
