# THIS IS AN AUTOGENERATED FILE. DO NOT EDIT THIS FILE DIRECTLY.
# yarn lockfile v1


bulma-dashboard@0.1.38:
  version "0.1.38"
  resolved "https://registry.yarnpkg.com/bulma-dashboard/-/bulma-dashboard-0.1.38.tgz#f5186f78c27e65f0cc5b1c2cd42215914bd55e59"
  integrity sha512-vA1O91OJK3Uvvwz8Ki3YUhTT9mgY513KS0Wv1pMcU+Jfi15oJg6MvbPUg+o5HhLCeymCmWg+HAwKeXlzxXYAnQ==

bulma@0.7.4:
  version "0.7.4"
  resolved "https://registry.yarnpkg.com/bulma/-/bulma-0.7.4.tgz#7e74512e9118d9799021339e67e365ee0ac4f3f9"
  integrity sha512-krG2rP6eAX1WE0sf6O0SC/FUVSOBX4m1PBC2+GKLpb2pX0qanaDqcv9U2nu75egFrsHkI0zdWYuk/oGwoszVWg==
